{
  "name": "HR_Portal",
  "lockfileVersion": 3,
  "requires": true,
  "packages": {
    "": {
      "dependencies": {
        "@tabler/icons-react": "^3.24.0",
        "lucide-react": "^0.468.0",
        "swiper": "^11.1.15"
      }
    },
    "node_modules/@tabler/icons": {
      "version": "3.24.0",
      "resolved": "https://registry.npmjs.org/@tabler/icons/-/icons-3.24.0.tgz",
      "integrity": "sha512-qNis9e90QcdxAGV3wNIeX0Ba2R7ktm0cnqOToKHJfC2kj3fvJwEVLsw63K0/fm7NW8rSZjDSTQRmMnSg8g/wrg==",
      "funding": {
        "type": "github",
        "url": "https://github.com/sponsors/codecalm"
      }
    },
    "node_modules/@tabler/icons-react": {
      "version": "3.24.0",
      "resolved": "https://registry.npmjs.org/@tabler/icons-react/-/icons-react-3.24.0.tgz",
      "integrity": "sha512-m9c7TmlcDmKqvZAasG5rv1YvazZDrVEhNdNFa2d1Bzotc0dh+iceFdiZCEcYPDb5UcRyLAMvOaOC9y/5sfMMWw==",
      "dependencies": {
        "@tabler/icons": "3.24.0"
      },
      "funding": {
        "type": "github",
        "url": "https://github.com/sponsors/codecalm"
      },
      "peerDependencies": {
        "react": ">= 16"
      }
    },
    "node_modules/lucide-react": {
      "version": "0.468.0",
      "resolved": "https://registry.npmjs.org/lucide-react/-/lucide-react-0.468.0.tgz",
      "integrity": "sha512-6koYRhnM2N0GGZIdXzSeiNwguv1gt/FAjZOiPl76roBi3xKEXa4WmfpxgQwTTL4KipXjefrnf3oV4IsYhi4JFA==",
      "peerDependencies": {
        "react": "^16.5.1 || ^17.0.0 || ^18.0.0 || ^19.0.0-rc"
      }
    },
    "node_modules/react": {
      "version": "19.0.0",
      "resolved": "https://registry.npmjs.org/react/-/react-19.0.0.tgz",
      "integrity": "sha512-V8AVnmPIICiWpGfm6GLzCR/W5FXLchHop40W4nXBmdlEceh16rCN8O8LNWm5bh5XUX91fh7KpA+W0TgMKmgTpQ==",
      "peer": true,
      "engines": {
        "node": ">=0.10.0"
      }
    },
    "node_modules/swiper": {
      "version": "11.1.15",
      "resolved": "https://registry.npmjs.org/swiper/-/swiper-11.1.15.tgz",
      "integrity": "sha512-IzWeU34WwC7gbhjKsjkImTuCRf+lRbO6cnxMGs88iVNKDwV+xQpBCJxZ4bNH6gSrIbbyVJ1kuGzo3JTtz//CBw==",
      "funding": [
        {
          "type": "patreon",
          "url": "https://www.patreon.com/swiperjs"
        },
        {
          "type": "open_collective",
          "url": "http://opencollective.com/swiper"
        }
      ],
      "engines": {
        "node": ">= 4.7.0"
      }
    }
  }
}
